
Microsoft Visual Studio Solution File, Format Version 12.00
# Visual Studio Version 17
VisualStudioVersion = 17.4.33205.214
MinimumVisualStudioVersion = 10.0.40219.1
Project("{9A19103F-16F7-4668-BE54-9A1E7A4F7556}") = "SmartHome.Connection", "SmartHome.Connection\SmartHome.Connection.csproj", "{5CF36A52-68B0-49B2-8490-A87761AF4CB9}"
EndProject
Project("{9A19103F-16F7-4668-BE54-9A1E7A4F7556}") = "SmartHome.Web", "SmartHome.Web\SmartHome.Web.csproj", "{D2DBCBA1-8B7C-4D51-AD0C-F8488066630B}"
EndProject
Global
	GlobalSection(SolutionConfigurationPlatforms) = preSolution
		Debug|Any CPU = Debug|Any CPU
		Release|Any CPU = Release|Any CPU
	EndGlobalSection
	GlobalSection(ProjectConfigurationPlatforms) = postSolution
		{5CF36A52-68B0-49B2-8490-A87761AF4CB9}.Debug|Any CPU.ActiveCfg = Debug|Any CPU
		{5CF36A52-68B0-49B2-8490-A87761AF4CB9}.Debug|Any CPU.Build.0 = Debug|Any CPU
		{5CF36A52-68B0-49B2-8490-A87761AF4CB9}.Release|Any CPU.ActiveCfg = Release|Any CPU
		{5CF36A52-68B0-49B2-8490-A87761AF4CB9}.Release|Any CPU.Build.0 = Release|Any CPU
		{D2DBCBA1-8B7C-4D51-AD0C-F8488066630B}.Debug|Any CPU.ActiveCfg = Debug|Any CPU
		{D2DBCBA1-8B7C-4D51-AD0C-F8488066630B}.Debug|Any CPU.Build.0 = Debug|Any CPU
		{D2DBCBA1-8B7C-4D51-AD0C-F8488066630B}.Release|Any CPU.ActiveCfg = Release|Any CPU
		{D2DBCBA1-8B7C-4D51-AD0C-F8488066630B}.Release|Any CPU.Build.0 = Release|Any CPU
	EndGlobalSection
	GlobalSection(SolutionProperties) = preSolution
		HideSolutionNode = FALSE
	EndGlobalSection
	GlobalSection(ExtensibilityGlobals) = postSolution
		SolutionGuid = {7E8A8D47-6EDC-4561-ABF6-962F5FBFBC40}
	EndGlobalSection
EndGlobal
